
Microsoft Visual Studio Solution File, Format Version 12.00
# Visual Studio Version 16
VisualStudioVersion = 16.0.30114.105
MinimumVisualStudioVersion = 10.0.40219.1
Project("{FAE04EC0-301F-11D3-BF4B-00C04F79EFBC}") = "R5T.Kallithea.Extensions", "R5T.Kallithea.Extensions\R5T.Kallithea.Extensions.csproj", "{1507C631-FAD8-4E9D-A864-2CEBCCD43DC1}"
EndProject
Project("{FAE04EC0-301F-11D3-BF4B-00C04F79EFBC}") = "R5T.Kallithea.Extensions.Construction", "R5T.Kallithea.Extensions.Construction\R5T.Kallithea.Extensions.Construction.csproj", "{05B1EAE7-BBFC-4F8C-97D0-D7AF366E4CE8}"
EndProject
Project("{FAE04EC0-301F-11D3-BF4B-00C04F79EFBC}") = "R5T.Kallithea.Extensions.Testing", "R5T.Kallithea.Extensions.Testing\R5T.Kallithea.Extensions.Testing.csproj", "{C340249B-ED97-4D3C-A298-EE561C7FD75C}"
EndProject
Global
	GlobalSection(SolutionConfigurationPlatforms) = preSolution
		Debug|Any CPU = Debug|Any CPU
		Debug|x64 = Debug|x64
		Debug|x86 = Debug|x86
		Release|Any CPU = Release|Any CPU
		Release|x64 = Release|x64
		Release|x86 = Release|x86
	EndGlobalSection
	GlobalSection(SolutionProperties) = preSolution
		HideSolutionNode = FALSE
	EndGlobalSection
	GlobalSection(ProjectConfigurationPlatforms) = postSolution
		{1507C631-FAD8-4E9D-A864-2CEBCCD43DC1}.Debug|Any CPU.ActiveCfg = Debug|Any CPU
		{1507C631-FAD8-4E9D-A864-2CEBCCD43DC1}.Debug|Any CPU.Build.0 = Debug|Any CPU
		{1507C631-FAD8-4E9D-A864-2CEBCCD43DC1}.Debug|x64.ActiveCfg = Debug|Any CPU
		{1507C631-FAD8-4E9D-A864-2CEBCCD43DC1}.Debug|x64.Build.0 = Debug|Any CPU
		{1507C631-FAD8-4E9D-A864-2CEBCCD43DC1}.Debug|x86.ActiveCfg = Debug|Any CPU
		{1507C631-FAD8-4E9D-A864-2CEBCCD43DC1}.Debug|x86.Build.0 = Debug|Any CPU
		{1507C631-FAD8-4E9D-A864-2CEBCCD43DC1}.Release|Any CPU.ActiveCfg = Release|Any CPU
		{1507C631-FAD8-4E9D-A864-2CEBCCD43DC1}.Release|Any CPU.Build.0 = Release|Any CPU
		{1507C631-FAD8-4E9D-A864-2CEBCCD43DC1}.Release|x64.ActiveCfg = Release|Any CPU
		{1507C631-FAD8-4E9D-A864-2CEBCCD43DC1}.Release|x64.Build.0 = Release|Any CPU
		{1507C631-FAD8-4E9D-A864-2CEBCCD43DC1}.Release|x86.ActiveCfg = Release|Any CPU
		{1507C631-FAD8-4E9D-A864-2CEBCCD43DC1}.Release|x86.Build.0 = Release|Any CPU
		{05B1EAE7-BBFC-4F8C-97D0-D7AF366E4CE8}.Debug|Any CPU.ActiveCfg = Debug|Any CPU
		{05B1EAE7-BBFC-4F8C-97D0-D7AF366E4CE8}.Debug|Any CPU.Build.0 = Debug|Any CPU
		{05B1EAE7-BBFC-4F8C-97D0-D7AF366E4CE8}.Debug|x64.ActiveCfg = Debug|Any CPU
		{05B1EAE7-BBFC-4F8C-97D0-D7AF366E4CE8}.Debug|x64.Build.0 = Debug|Any CPU
		{05B1EAE7-BBFC-4F8C-97D0-D7AF366E4CE8}.Debug|x86.ActiveCfg = Debug|Any CPU
		{05B1EAE7-BBFC-4F8C-97D0-D7AF366E4CE8}.Debug|x86.Build.0 = Debug|Any CPU
		{05B1EAE7-BBFC-4F8C-97D0-D7AF366E4CE8}.Release|Any CPU.ActiveCfg = Release|Any CPU
		{05B1EAE7-BBFC-4F8C-97D0-D7AF366E4CE8}.Release|Any CPU.Build.0 = Release|Any CPU
		{05B1EAE7-BBFC-4F8C-97D0-D7AF366E4CE8}.Release|x64.ActiveCfg = Release|Any CPU
		{05B1EAE7-BBFC-4F8C-97D0-D7AF366E4CE8}.Release|x64.Build.0 = Release|Any CPU
		{05B1EAE7-BBFC-4F8C-97D0-D7AF366E4CE8}.Release|x86.ActiveCfg = Release|Any CPU
		{05B1EAE7-BBFC-4F8C-97D0-D7AF366E4CE8}.Release|x86.Build.0 = Release|Any CPU
		{C340249B-ED97-4D3C-A298-EE561C7FD75C}.Debug|Any CPU.ActiveCfg = Debug|Any CPU
		{C340249B-ED97-4D3C-A298-EE561C7FD75C}.Debug|Any CPU.Build.0 = Debug|Any CPU
		{C340249B-ED97-4D3C-A298-EE561C7FD75C}.Debug|x64.ActiveCfg = Debug|Any CPU
		{C340249B-ED97-4D3C-A298-EE561C7FD75C}.Debug|x64.Build.0 = Debug|Any CPU
		{C340249B-ED97-4D3C-A298-EE561C7FD75C}.Debug|x86.ActiveCfg = Debug|Any CPU
		{C340249B-ED97-4D3C-A298-EE561C7FD75C}.Debug|x86.Build.0 = Debug|Any CPU
		{C340249B-ED97-4D3C-A298-EE561C7FD75C}.Release|Any CPU.ActiveCfg = Release|Any CPU
		{C340249B-ED97-4D3C-A298-EE561C7FD75C}.Release|Any CPU.Build.0 = Release|Any CPU
		{C340249B-ED97-4D3C-A298-EE561C7FD75C}.Release|x64.ActiveCfg = Release|Any CPU
		{C340249B-ED97-4D3C-A298-EE561C7FD75C}.Release|x64.Build.0 = Release|Any CPU
		{C340249B-ED97-4D3C-A298-EE561C7FD75C}.Release|x86.ActiveCfg = Release|Any CPU
		{C340249B-ED97-4D3C-A298-EE561C7FD75C}.Release|x86.Build.0 = Release|Any CPU
	EndGlobalSection
EndGlobal
